// !$*UTF8*$!
{
	archiveVersion = 1;
	classes = {
	};
	objectVersion = 46;
	objects = {

/* Begin PBXBuildFile section */
		D85DBD291D2AC17B00399D38 /* AppDelegate.swift in Sources */ = {isa = PBXBuildFile; fileRef = D85DBD281D2AC17B00399D38 /* AppDelegate.swift */; };
		D85DBD2D1D2AC17B00399D38 /* GameScene.swift in Sources */ = {isa = PBXBuildFile; fileRef = D85DBD2C1D2AC17B00399D38 /* GameScene.swift */; };
		D85DBD2F1D2AC17B00399D38 /* GameViewController.swift in Sources */ = {isa = PBXBuildFile; fileRef = D85DBD2E1D2AC17B00399D38 /* GameViewController.swift */; };
		D85DBD321D2AC17B00399D38 /* Main.storyboard in Resources */ = {isa = PBXBuildFile; fileRef = D85DBD301D2AC17B00399D38 /* Main.storyboard */; };
		D85DBD341D2AC17B00399D38 /* Assets.xcassets in Resources */ = {isa = PBXBuildFile; fileRef = D85DBD331D2AC17B00399D38 /* Assets.xcassets */; };
		D85DBD371D2AC17B00399D38 /* LaunchScreen.storyboard in Resources */ = {isa = PBXBuildFile; fileRef = D85DBD351D2AC17B00399D38 /* LaunchScreen.storyboard */; };
/* End PBXBuildFile section */

/* Begin PBXFileReference section */
		D85DBD251D2AC17B00399D38 /* Grappling Hook.app */ = {isa = PBXFileReference; explicitFileType = wrapper.application; includeInIndex = 0; path = "Grappling Hook.app"; sourceTree = BUILT_PRODUCTS_DIR; };
		D85DBD281D2AC17B00399D38 /* AppDelegate.swift */ = {isa = PBXFileReference; lastKnownFileType = sourcecode.swift; path = AppDelegate.swift; sourceTree = "<group>"; };
		D85DBD2C1D2AC17B00399D38 /* GameScene.swift */ = {isa = PBXFileReference; lastKnownFileType = sourcecode.swift; path = GameScene.swift; sourceTree = "<group>"; };
		D85DBD2E1D2AC17B00399D38 /* GameViewController.swift */ = {isa = PBXFileReference; lastKnownFileType = sourcecode.swift; path = GameViewController.swift; sourceTree = "<group>"; };
		D85DBD311D2AC17B00399D38 /* Base */ = {isa = PBXFileReference; lastKnownFileType = file.storyboard; name = Base; path = Base.lproj/Main.storyboard; sourceTree = "<group>"; };
		D85DBD331D2AC17B00399D38 /* Assets.xcassets */ = {isa = PBXFileReference; lastKnownFileType = folder.assetcatalog; path = Assets.xcassets; sourceTree = "<group>"; };
		D85DBD361D2AC17B00399D38 /* Base */ = {isa = PBXFileReference; lastKnownFileType = file.storyboard; name = Base; path = Base.lproj/LaunchScreen.storyboard; sourceTree = "<group>"; };
		D85DBD381D2AC17B00399D38 /* Info.plist */ = {isa = PBXFileReference; lastKnownFileType = text.plist.xml; path = Info.plist; sourceTree = "<group>"; };
/* End PBXFileReference section */

/* Begin PBXFrameworksBuildPhase section */
		D85DBD221D2AC17B00399D38 /* Frameworks */ = {
			isa = PBXFrameworksBuildPhase;
			buildActionMask = 2147483647;
			files = (
			);
			runOnlyForDeploymentPostprocessing = 0;
		};
/* End PBXFrameworksBuildPhase section */

/* Begin PBXGroup section */
		D85DBD1C1D2AC17B00399D38 = {
			isa = PBXGroup;
			children = (
				D85DBD271D2AC17B00399D38 /* Grappling Hook */,
				D85DBD261D2AC17B00399D38 /* Products */,
			);
			sourceTree = "<group>";
		};
		D85DBD261D2AC17B00399D38 /* Products */ = {
			isa = PBXGroup;
			children = (
				D85DBD251D2AC17B00399D38 /* Grappling Hook.app */,
			);
			name = Products;
			sourceTree = "<group>";
		};
		D85DBD271D2AC17B00399D38 /* Grappling Hook */ = {
			isa = PBXGroup;
			children = (
				D85DBD281D2AC17B00399D38 /* AppDelegate.swift */,
				D85DBD2C1D2AC17B00399D38 /* GameScene.swift */,
				D85DBD2E1D2AC17B00399D38 /* GameViewController.swift */,
				D85DBD301D2AC17B00399D38 /* Main.storyboard */,
				D85DBD331D2AC17B00399D38 /* Assets.xcassets */,
				D85DBD351D2AC17B00399D38 /* LaunchScreen.storyboard */,
				D85DBD381D2AC17B00399D38 /* Info.plist */,
			);
			path = "Grappling Hook";
			sourceTree = "<group>";
		};
/* End PBXGroup section */

/* Begin PBXNativeTarget section */
		D85DBD241D2AC17B00399D38 /* Grappling Hook */ = {
			isa = PBXNativeTarget;
			buildConfigurationList = D85DBD3B1D2AC17B00399D38 /* Build configuration list for PBXNativeTarget "Grappling Hook" */;
			buildPhases = (
				D85DBD211D2AC17B00399D38 /* Sources */,
				D85DBD221D2AC17B00399D38 /* Frameworks */,
				D85DBD231D2AC17B00399D38 /* Resources */,
			);
			buildRules = (
			);
			dependencies = (
			);
			name = "Grappling Hook";
			productName = "Grappling Hook";
			productReference = D85DBD251D2AC17B00399D38 /* Grappling Hook.app */;
			productType = "com.apple.product-type.application";
		};
/* End PBXNativeTarget section */

/* Begin PBXProject section */
		D85DBD1D1D2AC17B00399D38 /* Project object */ = {
			isa = PBXProject;
			attributes = {
				LastSwiftUpdateCheck = 0730;
				LastUpgradeCheck = 0730;
				ORGANIZATIONNAME = "mitchell hudson";
				TargetAttributes = {
					D85DBD241D2AC17B00399D38 = {
						CreatedOnToolsVersion = 7.3.1;
					};
				};
			};
			buildConfigurationList = D85DBD201D2AC17B00399D38 /* Build configuration list for PBXProject "Grappling Hook" */;
			compatibilityVersion = "Xcode 3.2";
			developmentRegion = English;
			hasScannedForEncodings = 0;
			knownRegions = (
				en,
				Base,
			);
			mainGroup = D85DBD1C1D2AC17B00399D38;
			productRefGroup = D85DBD261D2AC17B00399D38 /* Products */;
			projectDirPath = "";
			projectRoot = "";
			targets = (
				D85DBD241D2AC17B00399D38 /* Grappling Hook */,
			);
		};
/* End PBXProject section */

/* Begin PBXResourcesBuildPhase section */
		D85DBD231D2AC17B00399D38 /* Resources */ = {
			isa = PBXResourcesBuildPhase;
			buildActionMask = 2147483647;
			files = (
				D85DBD371D2AC17B00399D38 /* LaunchScreen.storyboard in Resources */,
				D85DBD341D2AC17B00399D38 /* Assets.xcassets in Resources */,
				D85DBD321D2AC17B00399D38 /* Main.storyboard in Resources */,
			);
			runOnlyForDeploymentPostprocessing = 0;
		};
/* End PBXResourcesBuildPhase section */

/* Begin PBXSourcesBuildPhase section */
		D85DBD211D2AC17B00399D38 /* Sources */ = {
			isa = PBXSourcesBuildPhase;
			buildActionMask = 2147483647;
			files = (
				D85DBD2D1D2AC17B00399D38 /* GameScene.swift in Sources */,
				D85DBD2F1D2AC17B00399D38 /* GameViewController.swift in Sources */,
				D85DBD291D2AC17B00399D38 /* AppDelegate.swift in Sources */,
			);
			runOnlyForDeploymentPostprocessing = 0;
		};
/* End PBXSourcesBuildPhase section */

/* Begin PBXVariantGroup section */
		D85DBD301D2AC17B00399D38 /* Main.storyboard */ = {
			isa = PBXVariantGroup;
			children = (
				D85DBD311D2AC17B00399D38 /* Base */,
			);
			name = Main.storyboard;
			sourceTree = "<group>";
		};
		D85DBD351D2AC17B00399D38 /* LaunchScreen.storyboard */ = {
			isa = PBXVariantGroup;
			children = (
				D85DBD361D2AC17B00399D38 /* Base */,
			);
			name = LaunchScreen.storyboard;
			sourceTree = "<group>";
		};
/* End PBXVariantGroup section */

/* Begin XCBuildConfiguration section */
		D85DBD391D2AC17B00399D38 /* Debug */ = {
			isa = XCBuildConfiguration;
			buildSettings = {
				ALWAYS_SEARCH_USER_PATHS = NO;
				CLANG_ANALYZER_NONNULL = YES;
				CLANG_CXX_LANGUAGE_STANDARD = "gnu++0x";
				CLANG_CXX_LIBRARY = "libc++";
				CLANG_ENABLE_MODULES = YES;
				CLANG_ENABLE_OBJC_ARC = YES;
				CLANG_WARN_BOOL_CONVERSION = YES;
				CLANG_WARN_CONSTANT_CONVERSION = YES;
				CLANG_WARN_DIRECT_OBJC_ISA_USAGE = YES_ERROR;
				CLANG_WARN_EMPTY_BODY = YES;
				CLANG_WARN_ENUM_CONVERSION = YES;
				CLANG_WARN_INT_CONVERSION = YES;
				CLANG_WARN_OBJC_ROOT_CLASS = YES_ERROR;
				CLANG_WARN_UNREACHABLE_CODE = YES;
				CLANG_WARN__DUPLICATE_METHOD_MATCH = YES;
				"CODE_SIGN_IDENTITY[sdk=iphoneos*]" = "iPhone Developer";
				COPY_PHASE_STRIP = NO;
				DEBUG_INFORMATION_FORMAT = "dwarf-with-dsym";
				ENABLE_STRICT_OBJC_MSGSEND = YES;
				ENABLE_TESTABILITY = YES;
				GCC_C_LANGUAGE_STANDARD = gnu99;
				GCC_DYNAMIC_NO_PIC = NO;
				GCC_NO_COMMON_BLOCKS = YES;
				GCC_OPTIMIZATION_LEVEL = 0;
				GCC_PREPROCESSOR_DEFINITIONS = (
					"DEBUG=1",
					"$(inherited)",
				);
				GCC_WARN_64_TO_32_BIT_CONVERSION = YES;
				GCC_WARN_ABOUT_RETURN_TYPE = YES_ERROR;
				GCC_WARN_UNDECLARED_SELECTOR = YES;
				GCC_WARN_UNINITIALIZED_AUTOS = YES_AGGRESSIVE;
				GCC_WARN_UNUSED_FUNCTION = YES;
				GCC_WARN_UNUSED_VARIABLE = YES;
				IPHONEOS_DEPLOYMENT_TARGET = 9.3;
				MTL_ENABLE_DEBUG_INFO = YES;
				ONLY_ACTIVE_ARCH = YES;
				SDKROOT = iphoneos;
				SWIFT_OPTIMIZATION_LEVEL = "-Onone";
			};
			name = Debug;
		};
		D85DBD3A1D2AC17B00399D38 /* Release */ = {
			isa = XCBuildConfiguration;
			buildSettings = {
				ALWAYS_SEARCH_USER_PATHS = NO;
				CLANG_ANALYZER_NONNULL = YES;
				CLANG_CXX_LANGUAGE_STANDARD = "gnu++0x";
				CLANG_CXX_LIBRARY = "libc++";
				CLANG_ENABLE_MODULES = YES;
				CLANG_ENABLE_OBJC_ARC = YES;
				CLANG_WARN_BOOL_CONVERSION = YES;
				CLANG_WARN_CONSTANT_CONVERSION = YES;
				CLANG_WARN_DIRECT_OBJC_ISA_USAGE = YES_ERROR;
				CLANG_WARN_EMPTY_BODY = YES;
				CLANG_WARN_ENUM_CONVERSION = YES;
				CLANG_WARN_INT_CONVERSION = YES;
				CLANG_WARN_OBJC_ROOT_CLASS = YES_ERROR;
				CLANG_WARN_UNREACHABLE_CODE = YES;
				CLANG_WARN__DUPLICATE_METHOD_MATCH = YES;
				"CODE_SIGN_IDENTITY[sdk=iphoneos*]" = "iPhone Developer";
				COPY_PHASE_STRIP = NO;
				DEBUG_INFORMATION_FORMAT = "dwarf-with-dsym";
				ENABLE_NS_ASSERTIONS = NO;
				ENABLE_STRICT_OBJC_MSGSEND = YES;
				GCC_C_LANGUAGE_STANDARD = gnu99;
				GCC_NO_COMMON_BLOCKS = YES;
				GCC_WARN_64_TO_32_BIT_CONVERSION = YES;
				GCC_WARN_ABOUT_RETURN_TYPE = YES_ERROR;
				GCC_WARN_UNDECLARED_SELECTOR = YES;
				GCC_WARN_UNINITIALIZED_AUTOS = YES_AGGRESSIVE;
				GCC_WARN_UNUSED_FUNCTION = YES;
				GCC_WARN_UNUSED_VARIABLE = YES;
				IPHONEOS_DEPLOYMENT_TARGET = 9.3;
				MTL_ENABLE_DEBUG_INFO = NO;
				SDKROOT = iphoneos;
				VALIDATE_PRODUCT = YES;
			};
			name = Release;
		};
		D85DBD3C1D2AC17B00399D38 /* Debug */ = {
			isa = XCBuildConfiguration;
			buildSettings = {
				ASSETCATALOG_COMPILER_APPICON_NAME = AppIcon;
				INFOPLIST_FILE = "Grappling Hook/Info.plist";
				LD_RUNPATH_SEARCH_PATHS = "$(inherited) @executable_path/Frameworks";
				PRODUCT_BUNDLE_IDENTIFIER = "com.webdevils.Grappling-Hook";
				PRODUCT_NAME = "$(TARGET_NAME)";
			};
			name = Debug;
		};
		D85DBD3D1D2AC17B00399D38 /* Release */ = {
			isa = XCBuildConfiguration;
			buildSettings = {
				ASSETCATALOG_COMPILER_APPICON_NAME = AppIcon;
				INFOPLIST_FILE = "Grappling Hook/Info.plist";
				LD_RUNPATH_SEARCH_PATHS = "$(inherited) @executable_path/Frameworks";
				PRODUCT_BUNDLE_IDENTIFIER = "com.webdevils.Grappling-Hook";
				PRODUCT_NAME = "$(TARGET_NAME)";
			};
			name = Release;
		};
/* End XCBuildConfiguration section */

/* Begin XCConfigurationList section */
		D85DBD201D2AC17B00399D38 /* Build configuration list for PBXProject "Grappling Hook" */ = {
			isa = XCConfigurationList;
			buildConfigurations = (
				D85DBD391D2AC17B00399D38 /* Debug */,
				D85DBD3A1D2AC17B00399D38 /* Release */,
			);
			defaultConfigurationIsVisible = 0;
			defaultConfigurationName = Release;
		};
		D85DBD3B1D2AC17B00399D38 /* Build configuration list for PBXNativeTarget "Grappling Hook" */ = {
			isa = XCConfigurationList;
			buildConfigurations = (
				D85DBD3C1D2AC17B00399D38 /* Debug */,
				D85DBD3D1D2AC17B00399D38 /* Release */,
			);
			defaultConfigurationIsVisible = 0;
		};
/* End XCConfigurationList section */
	};
	rootObject = D85DBD1D1D2AC17B00399D38 /* Project object */;
}
